<?xml version="1.0" encoding="utf-8"?>
<Project ToolsVersion="4.0" xmlns="http://schemas.microsoft.com/developer/msbuild/2003">
  <ItemGroup>
    <ClCompile Include="ArduinoStrike.cpp" />
    <ClCompile Include="Arduino.cpp">
      <Filter>Arduino</Filter>
    </ClCompile>
    <ClCompile Include="Utils.cpp">
      <Filter>Utils</Filter>
    </ClCompile>
    <ClCompile Include="Config.cpp">
      <Filter>Config</Filter>
    </ClCompile>
    <ClCompile Include="ColorBot.cpp">
      <Filter>Modules\ColorBot</Filter>
    </ClCompile>
    <ClCompile Include="FastReload.cpp">
      <Filter>Modules\FastReload</Filter>
    </ClCompile>
    <ClCompile Include="Bhop.cpp">
      <Filter>Modules\Bhop</Filter>
    </ClCompile>
    <ClCompile Include="RapidFire.cpp">
      <Filter>Modules\RapidFire</Filter>
    </ClCompile>
    <ClCompile Include="AutoAccept.cpp">
      <Filter>Modules\AutoAccept</Filter>
    </ClCompile>
    <ClCompile Include="RecoilControl.cpp">
      <Filter>Modules\RecoilControl</Filter>
    </ClCompile>
    <ClCompile Include="Logger.cpp">
      <Filter>Logger</Filter>
    </ClCompile>
  </ItemGroup>
  <ItemGroup>
    <Filter Include="Arduino">
      <UniqueIdentifier>{8c5be312-e0ce-4cd8-bd1d-2dcaf086e059}</UniqueIdentifier>
    </Filter>
    <Filter Include="Utils">
      <UniqueIdentifier>{1e10fdf4-ed00-4a2e-b15a-0d8d103db41e}</UniqueIdentifier>
    </Filter>
    <Filter Include="Config">
      <UniqueIdentifier>{7954197f-de1e-490f-823a-4c00a6fdb1b3}</UniqueIdentifier>
    </Filter>
    <Filter Include="Modules">
      <UniqueIdentifier>{d9a4f93f-d9d4-4668-9b59-d171cfd14e08}</UniqueIdentifier>
    </Filter>
    <Filter Include="Modules\AutoAccept">
      <UniqueIdentifier>{cfbdb73b-962a-4f32-81a5-b42f00ac0502}</UniqueIdentifier>
    </Filter>
    <Filter Include="Modules\Bhop">
      <UniqueIdentifier>{67f3bb89-7dda-4d7d-96ea-9d8be0ceec1b}</UniqueIdentifier>
    </Filter>
    <Filter Include="Modules\ColorBot">
      <UniqueIdentifier>{c8ba443a-ed61-4766-959d-bac41db2674f}</UniqueIdentifier>
    </Filter>
    <Filter Include="Modules\FastReload">
      <UniqueIdentifier>{7c3cf5af-26d4-4ec5-afdf-f524a9f4c5bc}</UniqueIdentifier>
    </Filter>
    <Filter Include="Modules\RapidFire">
      <UniqueIdentifier>{f915c2a8-38b2-4ae9-b5fb-cb2f1c87c991}</UniqueIdentifier>
    </Filter>
    <Filter Include="Modules\RecoilControl">
      <UniqueIdentifier>{c905506a-1ac5-4544-8683-9a2a13cad16c}</UniqueIdentifier>
    </Filter>
    <Filter Include="Logger">
      <UniqueIdentifier>{b8e5a23f-310c-45fc-81da-975ea5e07cef}</UniqueIdentifier>
    </Filter>
  </ItemGroup>
  <ItemGroup>
    <ClInclude Include="Arduino.h">
      <Filter>Arduino</Filter>
    </ClInclude>
    <ClInclude Include="Utils.h">
      <Filter>Utils</Filter>
    </ClInclude>
    <ClInclude Include="AsciiArt.h" />
    <ClInclude Include="Weapons.h" />
    <ClInclude Include="Config.h">
      <Filter>Config</Filter>
    </ClInclude>
    <ClInclude Include="ColorBot.h">
      <Filter>Modules\ColorBot</Filter>
    </ClInclude>
    <ClInclude Include="FastReload.h">
      <Filter>Modules\FastReload</Filter>
    </ClInclude>
    <ClInclude Include="Bhop.h">
      <Filter>Modules\Bhop</Filter>
    </ClInclude>
    <ClInclude Include="RapidFire.h">
      <Filter>Modules\RapidFire</Filter>
    </ClInclude>
    <ClInclude Include="ModuleManager.h">
      <Filter>Modules</Filter>
    </ClInclude>
    <ClInclude Include="Module.h">
      <Filter>Modules</Filter>
    </ClInclude>
    <ClInclude Include="HoldableModule.h">
      <Filter>Modules</Filter>
    </ClInclude>
    <ClInclude Include="ToggleableModule.h">
      <Filter>Modules</Filter>
    </ClInclude>
    <ClInclude Include="SystemModule.h">
      <Filter>Modules</Filter>
    </ClInclude>
    <ClInclude Include="AutomaticModule.h">
      <Filter>Modules</Filter>
    </ClInclude>
    <ClInclude Include="AutoAccept.h">
      <Filter>Modules\AutoAccept</Filter>
    </ClInclude>
    <ClInclude Include="RecoilControl.h">
      <Filter>Modules\RecoilControl</Filter>
    </ClInclude>
    <ClInclude Include="pch.h" />
    <ClInclude Include="Logger.h">
      <Filter>Logger</Filter>
    </ClInclude>
  </ItemGroup>
</Project>